{
  "requires": true,
  "lockfileVersion": 1,
  "dependencies": {
    "react-dropdown-hook": {
      "version": "1.0.1",
      "resolved": "https://registry.npmjs.org/react-dropdown-hook/-/react-dropdown-hook-1.0.1.tgz",
      "integrity": "sha512-1xrF7ihZaEO6qkQxQucfKvfHawT2kNQkhCH0FA9AyolH8QWRun+g/P3CLryWgM7nAlkp3G5TJKPF6beAGRQfNg=="
    }
  }
}
